{
  "name": "benchmark",
  "lockfileVersion": 2,
  "requires": true,
  "packages": {
    "": {
      "dependencies": {
        "benchmark": "^2.1.4",
        "binparse": "1.2.1",
        "destruct-js": "^0.2.9",
        "structron": "^0.4.3"
      }
    },
    "node_modules/benchmark": {
      "version": "2.1.4",
      "resolved": "https://registry.npmjs.org/benchmark/-/benchmark-2.1.4.tgz",
      "integrity": "sha1-CfPeMckWQl1JjMLuVloOvzwqVik=",
      "dependencies": {
        "lodash": "^4.17.4",
        "platform": "^1.3.3"
      }
    },
    "node_modules/binparse": {
      "version": "1.2.1",
      "resolved": "https://registry.npmjs.org/binparse/-/binparse-1.2.1.tgz",
      "integrity": "sha512-3kwsgGE5vELlwhFHFGl/xQfm3QzVMqh+JQLEmLeHlssiEISvq6yc3NXsvsa6jirbZwsg/eZU4gXquY8pLHzV6Q=="
    },
    "node_modules/destruct-js": {
      "version": "0.2.9",
      "resolved": "https://registry.npmjs.org/destruct-js/-/destruct-js-0.2.9.tgz",
      "integrity": "sha512-7c64QwKLYgK/n4buoyKW9tB1kwAXMvlg2CxrM9BibPpO9br6AssJlF9L8xhXzqqlZy+DfxxzXnTWDhkcUJXerA=="
    },
    "node_modules/lodash": {
      "version": "4.17.21",
      "resolved": "https://registry.npmjs.org/lodash/-/lodash-4.17.21.tgz",
      "integrity": "sha512-v2kDEe57lecTulaDIuNTPy3Ry4gLGJ6Z1O3vE1krgXZNrsQ+LFTGHVxVjcXPs17LhbZVGedAJv8XZ1tvj5FvSg=="
    },
    "node_modules/platform": {
      "version": "1.3.6",
      "resolved": "https://registry.npmjs.org/platform/-/platform-1.3.6.tgz",
      "integrity": "sha512-fnWVljUchTro6RiCFvCXBbNhJc2NijN7oIQxbwsyL0buWJPG85v81ehlHI9fXrJsMNgTofEoWIQeClKpgxFLrg=="
    },
    "node_modules/structron": {
      "version": "0.4.3",
      "resolved": "https://registry.npmjs.org/structron/-/structron-0.4.3.tgz",
      "integrity": "sha512-DaDuI2mQy+QjtxQ8/IjTNPI6FLIF0jxqzwhUn9t1iKneV/0ANHkJfqWl/8pPBepNRc6rl46Q+TpQlnKvDm/9rA=="
    }
  },
  "dependencies": {
    "benchmark": {
      "version": "2.1.4",
      "resolved": "https://registry.npmjs.org/benchmark/-/benchmark-2.1.4.tgz",
      "integrity": "sha1-CfPeMckWQl1JjMLuVloOvzwqVik=",
      "requires": {
        "lodash": "^4.17.4",
        "platform": "^1.3.3"
      }
    },
    "binparse": {
      "version": "1.2.1",
      "resolved": "https://registry.npmjs.org/binparse/-/binparse-1.2.1.tgz",
      "integrity": "sha512-3kwsgGE5vELlwhFHFGl/xQfm3QzVMqh+JQLEmLeHlssiEISvq6yc3NXsvsa6jirbZwsg/eZU4gXquY8pLHzV6Q=="
    },
    "destruct-js": {
      "version": "0.2.9",
      "resolved": "https://registry.npmjs.org/destruct-js/-/destruct-js-0.2.9.tgz",
      "integrity": "sha512-7c64QwKLYgK/n4buoyKW9tB1kwAXMvlg2CxrM9BibPpO9br6AssJlF9L8xhXzqqlZy+DfxxzXnTWDhkcUJXerA=="
    },
    "lodash": {
      "version": "4.17.21",
      "resolved": "https://registry.npmjs.org/lodash/-/lodash-4.17.21.tgz",
      "integrity": "sha512-v2kDEe57lecTulaDIuNTPy3Ry4gLGJ6Z1O3vE1krgXZNrsQ+LFTGHVxVjcXPs17LhbZVGedAJv8XZ1tvj5FvSg=="
    },
    "platform": {
      "version": "1.3.6",
      "resolved": "https://registry.npmjs.org/platform/-/platform-1.3.6.tgz",
      "integrity": "sha512-fnWVljUchTro6RiCFvCXBbNhJc2NijN7oIQxbwsyL0buWJPG85v81ehlHI9fXrJsMNgTofEoWIQeClKpgxFLrg=="
    },
    "structron": {
      "version": "0.4.3",
      "resolved": "https://registry.npmjs.org/structron/-/structron-0.4.3.tgz",
      "integrity": "sha512-DaDuI2mQy+QjtxQ8/IjTNPI6FLIF0jxqzwhUn9t1iKneV/0ANHkJfqWl/8pPBepNRc6rl46Q+TpQlnKvDm/9rA=="
    }
  }
}
