{
  "name": "benchmark",
  "lockfileVersion": 2,
  "requires": true,
  "packages": {
    "": {
      "dependencies": {
        "benchmark": "^2.1.4",
        "binparse": "^2.1.0",
        "destruct-js": "^0.2.13",
        "structron": "^0.4.3"
      }
    },
    "node_modules/benchmark": {
      "version": "2.1.4",
      "resolved": "https://registry.npmjs.org/benchmark/-/benchmark-2.1.4.tgz",
      "integrity": "sha1-CfPeMckWQl1JjMLuVloOvzwqVik=",
      "dependencies": {
        "lodash": "^4.17.4",
        "platform": "^1.3.3"
      }
    },
    "node_modules/binparse": {
      "version": "2.1.0",
      "resolved": "https://registry.npmjs.org/binparse/-/binparse-2.1.0.tgz",
      "integrity": "sha512-aHbVgEQnWpPc4nlK7ZdPedEXFoufVwRCJkp2oZ4nHnSCuwt1Fx/jVPNLOaq3120uNmk3dip5RH/jxI76OA22dw==",
      "engines": {
        "node": "^12.20.0 || ^14.13.1 || >=16.0.0"
      }
    },
    "node_modules/destruct-js": {
      "version": "0.2.13",
      "resolved": "https://registry.npmjs.org/destruct-js/-/destruct-js-0.2.13.tgz",
      "integrity": "sha512-A5BL4uFygS0I12qNIPEzEqIqQfhkkr49o674SDFXsoHbX2Fg7/+vYgZen8l6GgJ0ezNrAyT9+5MZzBOY37ccjg=="
    },
    "node_modules/lodash": {
      "version": "4.17.21",
      "resolved": "https://registry.npmjs.org/lodash/-/lodash-4.17.21.tgz",
      "integrity": "sha512-v2kDEe57lecTulaDIuNTPy3Ry4gLGJ6Z1O3vE1krgXZNrsQ+LFTGHVxVjcXPs17LhbZVGedAJv8XZ1tvj5FvSg=="
    },
    "node_modules/platform": {
      "version": "1.3.6",
      "resolved": "https://registry.npmjs.org/platform/-/platform-1.3.6.tgz",
      "integrity": "sha512-fnWVljUchTro6RiCFvCXBbNhJc2NijN7oIQxbwsyL0buWJPG85v81ehlHI9fXrJsMNgTofEoWIQeClKpgxFLrg=="
    },
    "node_modules/structron": {
      "version": "0.4.3",
      "resolved": "https://registry.npmjs.org/structron/-/structron-0.4.3.tgz",
      "integrity": "sha512-DaDuI2mQy+QjtxQ8/IjTNPI6FLIF0jxqzwhUn9t1iKneV/0ANHkJfqWl/8pPBepNRc6rl46Q+TpQlnKvDm/9rA=="
    }
  },
  "dependencies": {
    "benchmark": {
      "version": "2.1.4",
      "resolved": "https://registry.npmjs.org/benchmark/-/benchmark-2.1.4.tgz",
      "integrity": "sha1-CfPeMckWQl1JjMLuVloOvzwqVik=",
      "requires": {
        "lodash": "^4.17.4",
        "platform": "^1.3.3"
      }
    },
    "binparse": {
      "version": "2.1.0",
      "resolved": "https://registry.npmjs.org/binparse/-/binparse-2.1.0.tgz",
      "integrity": "sha512-aHbVgEQnWpPc4nlK7ZdPedEXFoufVwRCJkp2oZ4nHnSCuwt1Fx/jVPNLOaq3120uNmk3dip5RH/jxI76OA22dw=="
    },
    "destruct-js": {
      "version": "0.2.13",
      "resolved": "https://registry.npmjs.org/destruct-js/-/destruct-js-0.2.13.tgz",
      "integrity": "sha512-A5BL4uFygS0I12qNIPEzEqIqQfhkkr49o674SDFXsoHbX2Fg7/+vYgZen8l6GgJ0ezNrAyT9+5MZzBOY37ccjg=="
    },
    "lodash": {
      "version": "4.17.21",
      "resolved": "https://registry.npmjs.org/lodash/-/lodash-4.17.21.tgz",
      "integrity": "sha512-v2kDEe57lecTulaDIuNTPy3Ry4gLGJ6Z1O3vE1krgXZNrsQ+LFTGHVxVjcXPs17LhbZVGedAJv8XZ1tvj5FvSg=="
    },
    "platform": {
      "version": "1.3.6",
      "resolved": "https://registry.npmjs.org/platform/-/platform-1.3.6.tgz",
      "integrity": "sha512-fnWVljUchTro6RiCFvCXBbNhJc2NijN7oIQxbwsyL0buWJPG85v81ehlHI9fXrJsMNgTofEoWIQeClKpgxFLrg=="
    },
    "structron": {
      "version": "0.4.3",
      "resolved": "https://registry.npmjs.org/structron/-/structron-0.4.3.tgz",
      "integrity": "sha512-DaDuI2mQy+QjtxQ8/IjTNPI6FLIF0jxqzwhUn9t1iKneV/0ANHkJfqWl/8pPBepNRc6rl46Q+TpQlnKvDm/9rA=="
    }
  }
}
